schema: '2.0'
stages:
  preprocess:
    cmd: python src/preprocess.py
    deps:
    - path: data/raw/clickstream.csv
      hash: md5
      md5: 8d73654651f7722d6344c3b4bde2cd33
      size: 172622
    - path: src/preprocess.py
      hash: md5
      md5: 6bb84a9864bd469784b37f7224841067
      size: 1418
    params:
      params.yaml:
        preprocess.random_state: 42
        preprocess.test_size: 0.2
    outs:
    - path: data/processed/features.csv
      hash: md5
      md5: 4dbd3cc76d17f560af5d5f44f4bb91e2
      size: 113985
    - path: data/processed/test.csv
      hash: md5
      md5: 05cdca5225f3c34be1dd2c3fec28952c
      size: 22927
    - path: data/processed/train.csv
      hash: md5
      md5: df192e52a9a80e14cafe39a5a4834b7a
      size: 91182
  train:
    cmd: python src/train.py
    deps:
    - path: data/processed/test.csv
      hash: md5
      md5: 05cdca5225f3c34be1dd2c3fec28952c
      size: 22927
    - path: data/processed/train.csv
      hash: md5
      md5: df192e52a9a80e14cafe39a5a4834b7a
      size: 91182
    - path: src/train.py
      hash: md5
      md5: f0f24ccbcd731e8e52a1cc12f7ea83ee
      size: 4659
    params:
      params.yaml:
        train.C: 1.0
        train.max_iter: 1000
        train.solver: liblinear
    outs:
    - path: metrics/scores.json
      hash: md5
      md5: a28fc8b4b41151dbc147aec2da51d9a1
      size: 77
    - path: models/lr_model.pkl
      hash: md5
      md5: 26228c62d70fc15613c2db9b1c485b12
      size: 1005
  evaluate:
    cmd: python src/evaluate.py
    deps:
    - path: data/processed/test.csv
      hash: md5
      md5: 05cdca5225f3c34be1dd2c3fec28952c
      size: 22927
    - path: models/lr_model.pkl
      hash: md5
      md5: 26228c62d70fc15613c2db9b1c485b12
      size: 1005
    - path: src/evaluate.py
      hash: md5
      md5: abd08ddc5fcd38963976eb3fae4915da
      size: 2337
    outs:
    - path: metrics/confusion_matrix.json
      hash: md5
      md5: b9767de7a5600e1744d8313a1b4bdda5
      size: 23
